
Microsoft Visual Studio Solution File, Format Version 12.00
# Visual Studio 15
VisualStudioVersion = 15.0.28307.271
MinimumVisualStudioVersion = 10.0.40219.1
Project("{FAE04EC0-301F-11D3-BF4B-00C04F79EFBC}") = "Deliv2", "Deliv2\Deliv2.csproj", "{AF30C4F9-547A-4CCE-AD7B-0C9EB135FE64}"
EndProject
Global
	GlobalSection(SolutionConfigurationPlatforms) = preSolution
		Debug|Any CPU = Debug|Any CPU
		Release|Any CPU = Release|Any CPU
	EndGlobalSection
	GlobalSection(ProjectConfigurationPlatforms) = postSolution
		{AF30C4F9-547A-4CCE-AD7B-0C9EB135FE64}.Debug|Any CPU.ActiveCfg = Debug|Any CPU
		{AF30C4F9-547A-4CCE-AD7B-0C9EB135FE64}.Debug|Any CPU.Build.0 = Debug|Any CPU
		{AF30C4F9-547A-4CCE-AD7B-0C9EB135FE64}.Release|Any CPU.ActiveCfg = Release|Any CPU
		{AF30C4F9-547A-4CCE-AD7B-0C9EB135FE64}.Release|Any CPU.Build.0 = Release|Any CPU
	EndGlobalSection
	GlobalSection(SolutionProperties) = preSolution
		HideSolutionNode = FALSE
	EndGlobalSection
	GlobalSection(ExtensibilityGlobals) = postSolution
		SolutionGuid = {63191F64-54C6-43BF-BCC1-4C1A239E80EB}
	EndGlobalSection
EndGlobal
